
Microsoft Visual Studio Solution File, Format Version 12.00
# Visual Studio 15
VisualStudioVersion = 15.0.26124.0
MinimumVisualStudioVersion = 15.0.26124.0
Project("{FAE04EC0-301F-11D3-BF4B-00C04F79EFBC}") = "Dominio", "Dominio\Dominio.csproj", "{4DF9870C-84F5-4D50-992D-9F57033E9257}"
EndProject
Project("{FAE04EC0-301F-11D3-BF4B-00C04F79EFBC}") = "Aplicacion", "Aplicacion\Aplicacion.csproj", "{899F2C49-37C5-4A23-A93F-EF6577BD7903}"
EndProject
Project("{FAE04EC0-301F-11D3-BF4B-00C04F79EFBC}") = "Persistencia", "Persistencia\Persistencia.csproj", "{61EC32EE-2767-41B4-B891-534A7EA8A469}"
EndProject
Project("{FAE04EC0-301F-11D3-BF4B-00C04F79EFBC}") = "WebAPI", "WebAPI\WebAPI.csproj", "{B6960B30-11A3-4ED1-9A4F-5DB16B3D07DD}"
EndProject
Global
	GlobalSection(SolutionConfigurationPlatforms) = preSolution
		Debug|Any CPU = Debug|Any CPU
		Debug|x64 = Debug|x64
		Debug|x86 = Debug|x86
		Release|Any CPU = Release|Any CPU
		Release|x64 = Release|x64
		Release|x86 = Release|x86
	EndGlobalSection
	GlobalSection(SolutionProperties) = preSolution
		HideSolutionNode = FALSE
	EndGlobalSection
	GlobalSection(ProjectConfigurationPlatforms) = postSolution
		{4DF9870C-84F5-4D50-992D-9F57033E9257}.Debug|Any CPU.ActiveCfg = Debug|Any CPU
		{4DF9870C-84F5-4D50-992D-9F57033E9257}.Debug|Any CPU.Build.0 = Debug|Any CPU
		{4DF9870C-84F5-4D50-992D-9F57033E9257}.Debug|x64.ActiveCfg = Debug|Any CPU
		{4DF9870C-84F5-4D50-992D-9F57033E9257}.Debug|x64.Build.0 = Debug|Any CPU
		{4DF9870C-84F5-4D50-992D-9F57033E9257}.Debug|x86.ActiveCfg = Debug|Any CPU
		{4DF9870C-84F5-4D50-992D-9F57033E9257}.Debug|x86.Build.0 = Debug|Any CPU
		{4DF9870C-84F5-4D50-992D-9F57033E9257}.Release|Any CPU.ActiveCfg = Release|Any CPU
		{4DF9870C-84F5-4D50-992D-9F57033E9257}.Release|Any CPU.Build.0 = Release|Any CPU
		{4DF9870C-84F5-4D50-992D-9F57033E9257}.Release|x64.ActiveCfg = Release|Any CPU
		{4DF9870C-84F5-4D50-992D-9F57033E9257}.Release|x64.Build.0 = Release|Any CPU
		{4DF9870C-84F5-4D50-992D-9F57033E9257}.Release|x86.ActiveCfg = Release|Any CPU
		{4DF9870C-84F5-4D50-992D-9F57033E9257}.Release|x86.Build.0 = Release|Any CPU
		{899F2C49-37C5-4A23-A93F-EF6577BD7903}.Debug|Any CPU.ActiveCfg = Debug|Any CPU
		{899F2C49-37C5-4A23-A93F-EF6577BD7903}.Debug|Any CPU.Build.0 = Debug|Any CPU
		{899F2C49-37C5-4A23-A93F-EF6577BD7903}.Debug|x64.ActiveCfg = Debug|Any CPU
		{899F2C49-37C5-4A23-A93F-EF6577BD7903}.Debug|x64.Build.0 = Debug|Any CPU
		{899F2C49-37C5-4A23-A93F-EF6577BD7903}.Debug|x86.ActiveCfg = Debug|Any CPU
		{899F2C49-37C5-4A23-A93F-EF6577BD7903}.Debug|x86.Build.0 = Debug|Any CPU
		{899F2C49-37C5-4A23-A93F-EF6577BD7903}.Release|Any CPU.ActiveCfg = Release|Any CPU
		{899F2C49-37C5-4A23-A93F-EF6577BD7903}.Release|Any CPU.Build.0 = Release|Any CPU
		{899F2C49-37C5-4A23-A93F-EF6577BD7903}.Release|x64.ActiveCfg = Release|Any CPU
		{899F2C49-37C5-4A23-A93F-EF6577BD7903}.Release|x64.Build.0 = Release|Any CPU
		{899F2C49-37C5-4A23-A93F-EF6577BD7903}.Release|x86.ActiveCfg = Release|Any CPU
		{899F2C49-37C5-4A23-A93F-EF6577BD7903}.Release|x86.Build.0 = Release|Any CPU
		{61EC32EE-2767-41B4-B891-534A7EA8A469}.Debug|Any CPU.ActiveCfg = Debug|Any CPU
		{61EC32EE-2767-41B4-B891-534A7EA8A469}.Debug|Any CPU.Build.0 = Debug|Any CPU
		{61EC32EE-2767-41B4-B891-534A7EA8A469}.Debug|x64.ActiveCfg = Debug|Any CPU
		{61EC32EE-2767-41B4-B891-534A7EA8A469}.Debug|x64.Build.0 = Debug|Any CPU
		{61EC32EE-2767-41B4-B891-534A7EA8A469}.Debug|x86.ActiveCfg = Debug|Any CPU
		{61EC32EE-2767-41B4-B891-534A7EA8A469}.Debug|x86.Build.0 = Debug|Any CPU
		{61EC32EE-2767-41B4-B891-534A7EA8A469}.Release|Any CPU.ActiveCfg = Release|Any CPU
		{61EC32EE-2767-41B4-B891-534A7EA8A469}.Release|Any CPU.Build.0 = Release|Any CPU
		{61EC32EE-2767-41B4-B891-534A7EA8A469}.Release|x64.ActiveCfg = Release|Any CPU
		{61EC32EE-2767-41B4-B891-534A7EA8A469}.Release|x64.Build.0 = Release|Any CPU
		{61EC32EE-2767-41B4-B891-534A7EA8A469}.Release|x86.ActiveCfg = Release|Any CPU
		{61EC32EE-2767-41B4-B891-534A7EA8A469}.Release|x86.Build.0 = Release|Any CPU
		{B6960B30-11A3-4ED1-9A4F-5DB16B3D07DD}.Debug|Any CPU.ActiveCfg = Debug|Any CPU
		{B6960B30-11A3-4ED1-9A4F-5DB16B3D07DD}.Debug|Any CPU.Build.0 = Debug|Any CPU
		{B6960B30-11A3-4ED1-9A4F-5DB16B3D07DD}.Debug|x64.ActiveCfg = Debug|Any CPU
		{B6960B30-11A3-4ED1-9A4F-5DB16B3D07DD}.Debug|x64.Build.0 = Debug|Any CPU
		{B6960B30-11A3-4ED1-9A4F-5DB16B3D07DD}.Debug|x86.ActiveCfg = Debug|Any CPU
		{B6960B30-11A3-4ED1-9A4F-5DB16B3D07DD}.Debug|x86.Build.0 = Debug|Any CPU
		{B6960B30-11A3-4ED1-9A4F-5DB16B3D07DD}.Release|Any CPU.ActiveCfg = Release|Any CPU
		{B6960B30-11A3-4ED1-9A4F-5DB16B3D07DD}.Release|Any CPU.Build.0 = Release|Any CPU
		{B6960B30-11A3-4ED1-9A4F-5DB16B3D07DD}.Release|x64.ActiveCfg = Release|Any CPU
		{B6960B30-11A3-4ED1-9A4F-5DB16B3D07DD}.Release|x64.Build.0 = Release|Any CPU
		{B6960B30-11A3-4ED1-9A4F-5DB16B3D07DD}.Release|x86.ActiveCfg = Release|Any CPU
		{B6960B30-11A3-4ED1-9A4F-5DB16B3D07DD}.Release|x86.Build.0 = Release|Any CPU
	EndGlobalSection
EndGlobal
